
Microsoft Visual Studio Solution File, Format Version 12.00
# Visual Studio Version 17
VisualStudioVersion = 17.5.33424.131
MinimumVisualStudioVersion = 10.0.40219.1
Project("{9A19103F-16F7-4668-BE54-9A1E7A4F7556}") = "ExcersiseThree", "ExcersiseThree\ExcersiseThree.csproj", "{40BD8AED-BA28-44E3-A4D5-50F6471A71BA}"
EndProject
Project("{9A19103F-16F7-4668-BE54-9A1E7A4F7556}") = "SomeLagacyLib", "SomeLagacyLib\SomeLagacyLib.csproj", "{17AA4BCA-47B7-41BF-9378-A24DDBB3C38C}"
EndProject
Project("{FAE04EC0-301F-11D3-BF4B-00C04F79EFBC}") = "ExcersiseThreeTests", "ExcersiseThreeTests\ExcersiseThreeTests.csproj", "{A3B7D934-D27A-48CE-8B63-BA9C4C778AA7}"
EndProject
Global
	GlobalSection(SolutionConfigurationPlatforms) = preSolution
		Debug|Any CPU = Debug|Any CPU
		Release|Any CPU = Release|Any CPU
	EndGlobalSection
	GlobalSection(ProjectConfigurationPlatforms) = postSolution
		{40BD8AED-BA28-44E3-A4D5-50F6471A71BA}.Debug|Any CPU.ActiveCfg = Debug|Any CPU
		{40BD8AED-BA28-44E3-A4D5-50F6471A71BA}.Debug|Any CPU.Build.0 = Debug|Any CPU
		{40BD8AED-BA28-44E3-A4D5-50F6471A71BA}.Release|Any CPU.ActiveCfg = Release|Any CPU
		{40BD8AED-BA28-44E3-A4D5-50F6471A71BA}.Release|Any CPU.Build.0 = Release|Any CPU
		{17AA4BCA-47B7-41BF-9378-A24DDBB3C38C}.Debug|Any CPU.ActiveCfg = Debug|Any CPU
		{17AA4BCA-47B7-41BF-9378-A24DDBB3C38C}.Debug|Any CPU.Build.0 = Debug|Any CPU
		{17AA4BCA-47B7-41BF-9378-A24DDBB3C38C}.Release|Any CPU.ActiveCfg = Release|Any CPU
		{17AA4BCA-47B7-41BF-9378-A24DDBB3C38C}.Release|Any CPU.Build.0 = Release|Any CPU
		{A3B7D934-D27A-48CE-8B63-BA9C4C778AA7}.Debug|Any CPU.ActiveCfg = Debug|Any CPU
		{A3B7D934-D27A-48CE-8B63-BA9C4C778AA7}.Debug|Any CPU.Build.0 = Debug|Any CPU
		{A3B7D934-D27A-48CE-8B63-BA9C4C778AA7}.Release|Any CPU.ActiveCfg = Release|Any CPU
		{A3B7D934-D27A-48CE-8B63-BA9C4C778AA7}.Release|Any CPU.Build.0 = Release|Any CPU
	EndGlobalSection
	GlobalSection(SolutionProperties) = preSolution
		HideSolutionNode = FALSE
	EndGlobalSection
	GlobalSection(ExtensibilityGlobals) = postSolution
		SolutionGuid = {5381EC5B-C9A5-4713-ACB2-C068E1DD94B0}
	EndGlobalSection
EndGlobal
